
Microsoft Visual Studio Solution File, Format Version 12.00
# Visual Studio Version 16
VisualStudioVersion = 16.0.31019.35
MinimumVisualStudioVersion = 10.0.40219.1
Project("{FAE04EC0-301F-11D3-BF4B-00C04F79EFBC}") = "FunctionZero.zBindTestApp.UWP", "FunctionZero.zBindTestApp\FunctionZero.zBindTestApp.UWP\FunctionZero.zBindTestApp.UWP.csproj", "{11DA8403-0B33-45A8-BE02-ACE2CCEA9748}"
EndProject
Project("{FAE04EC0-301F-11D3-BF4B-00C04F79EFBC}") = "FunctionZero.zBindTestApp.Android", "FunctionZero.zBindTestApp\FunctionZero.zBindTestApp.Android\FunctionZero.zBindTestApp.Android.csproj", "{803F10EB-7402-4010-8CCA-1653D46CD6DC}"
EndProject
Project("{FAE04EC0-301F-11D3-BF4B-00C04F79EFBC}") = "FunctionZero.zBindTestApp.iOS", "FunctionZero.zBindTestApp\FunctionZero.zBindTestApp.iOS\FunctionZero.zBindTestApp.iOS.csproj", "{B18ADE68-42A8-4C53-AEBB-4A4F2F8573F5}"
EndProject
Project("{9A19103F-16F7-4668-BE54-9A1E7A4F7556}") = "FunctionZero.zBindTestApp", "FunctionZero.zBindTestApp\FunctionZero.zBindTestApp\FunctionZero.zBindTestApp.csproj", "{67CA0410-5198-4BAE-8A3B-B5C5C096B7A9}"
EndProject
Project("{9A19103F-16F7-4668-BE54-9A1E7A4F7556}") = "FunctionZero.zBind", "FunctionZero.zBind\FunctionZero.zBind.csproj", "{DA2DCE63-756C-4779-A0EC-BBC886DDD3B2}"
EndProject
Project("{2150E333-8FDC-42A3-9474-1A3956D46DE8}") = "Solution Items", "Solution Items", "{EE093498-82D9-43E9-94F6-CEBB928F41B1}"
	ProjectSection(SolutionItems) = preProject
		License.txt = License.txt
		readme.md = readme.md
		Readme.NuGet.md = Readme.NuGet.md
	EndProjectSection
EndProject
Project("{9A19103F-16F7-4668-BE54-9A1E7A4F7556}") = "zBindTests", "zBindTests\zBindTests.csproj", "{E5396837-4F44-45F4-B2E3-1C0BB4727559}"
EndProject
Global
	GlobalSection(SolutionConfigurationPlatforms) = preSolution
		Debug|Any CPU = Debug|Any CPU
		Debug|ARM = Debug|ARM
		Debug|iPhone = Debug|iPhone
		Debug|iPhoneSimulator = Debug|iPhoneSimulator
		Debug|x64 = Debug|x64
		Debug|x86 = Debug|x86
		Release|Any CPU = Release|Any CPU
		Release|ARM = Release|ARM
		Release|iPhone = Release|iPhone
		Release|iPhoneSimulator = Release|iPhoneSimulator
		Release|x64 = Release|x64
		Release|x86 = Release|x86
	EndGlobalSection
	GlobalSection(ProjectConfigurationPlatforms) = postSolution
		{11DA8403-0B33-45A8-BE02-ACE2CCEA9748}.Debug|Any CPU.ActiveCfg = Debug|x86
		{11DA8403-0B33-45A8-BE02-ACE2CCEA9748}.Debug|Any CPU.Build.0 = Debug|x86
		{11DA8403-0B33-45A8-BE02-ACE2CCEA9748}.Debug|Any CPU.Deploy.0 = Debug|x86
		{11DA8403-0B33-45A8-BE02-ACE2CCEA9748}.Debug|ARM.ActiveCfg = Debug|ARM
		{11DA8403-0B33-45A8-BE02-ACE2CCEA9748}.Debug|ARM.Build.0 = Debug|ARM
		{11DA8403-0B33-45A8-BE02-ACE2CCEA9748}.Debug|ARM.Deploy.0 = Debug|ARM
		{11DA8403-0B33-45A8-BE02-ACE2CCEA9748}.Debug|iPhone.ActiveCfg = Debug|x86
		{11DA8403-0B33-45A8-BE02-ACE2CCEA9748}.Debug|iPhone.Build.0 = Debug|x86
		{11DA8403-0B33-45A8-BE02-ACE2CCEA9748}.Debug|iPhone.Deploy.0 = Debug|x86
		{11DA8403-0B33-45A8-BE02-ACE2CCEA9748}.Debug|iPhoneSimulator.ActiveCfg = Debug|x86
		{11DA8403-0B33-45A8-BE02-ACE2CCEA9748}.Debug|iPhoneSimulator.Build.0 = Debug|x86
		{11DA8403-0B33-45A8-BE02-ACE2CCEA9748}.Debug|iPhoneSimulator.Deploy.0 = Debug|x86
		{11DA8403-0B33-45A8-BE02-ACE2CCEA9748}.Debug|x64.ActiveCfg = Debug|x64
		{11DA8403-0B33-45A8-BE02-ACE2CCEA9748}.Debug|x64.Build.0 = Debug|x64
		{11DA8403-0B33-45A8-BE02-ACE2CCEA9748}.Debug|x64.Deploy.0 = Debug|x64
		{11DA8403-0B33-45A8-BE02-ACE2CCEA9748}.Debug|x86.ActiveCfg = Debug|x86
		{11DA8403-0B33-45A8-BE02-ACE2CCEA9748}.Debug|x86.Build.0 = Debug|x86
		{11DA8403-0B33-45A8-BE02-ACE2CCEA9748}.Debug|x86.Deploy.0 = Debug|x86
		{11DA8403-0B33-45A8-BE02-ACE2CCEA9748}.Release|Any CPU.ActiveCfg = Release|x86
		{11DA8403-0B33-45A8-BE02-ACE2CCEA9748}.Release|Any CPU.Build.0 = Release|x86
		{11DA8403-0B33-45A8-BE02-ACE2CCEA9748}.Release|Any CPU.Deploy.0 = Release|x86
		{11DA8403-0B33-45A8-BE02-ACE2CCEA9748}.Release|ARM.ActiveCfg = Release|ARM
		{11DA8403-0B33-45A8-BE02-ACE2CCEA9748}.Release|ARM.Build.0 = Release|ARM
		{11DA8403-0B33-45A8-BE02-ACE2CCEA9748}.Release|ARM.Deploy.0 = Release|ARM
		{11DA8403-0B33-45A8-BE02-ACE2CCEA9748}.Release|iPhone.ActiveCfg = Release|x86
		{11DA8403-0B33-45A8-BE02-ACE2CCEA9748}.Release|iPhone.Build.0 = Release|x86
		{11DA8403-0B33-45A8-BE02-ACE2CCEA9748}.Release|iPhone.Deploy.0 = Release|x86
		{11DA8403-0B33-45A8-BE02-ACE2CCEA9748}.Release|iPhoneSimulator.ActiveCfg = Release|x86
		{11DA8403-0B33-45A8-BE02-ACE2CCEA9748}.Release|iPhoneSimulator.Build.0 = Release|x86
		{11DA8403-0B33-45A8-BE02-ACE2CCEA9748}.Release|iPhoneSimulator.Deploy.0 = Release|x86
		{11DA8403-0B33-45A8-BE02-ACE2CCEA9748}.Release|x64.ActiveCfg = Release|x64
		{11DA8403-0B33-45A8-BE02-ACE2CCEA9748}.Release|x64.Build.0 = Release|x64
		{11DA8403-0B33-45A8-BE02-ACE2CCEA9748}.Release|x64.Deploy.0 = Release|x64
		{11DA8403-0B33-45A8-BE02-ACE2CCEA9748}.Release|x86.ActiveCfg = Release|x86
		{11DA8403-0B33-45A8-BE02-ACE2CCEA9748}.Release|x86.Build.0 = Release|x86
		{11DA8403-0B33-45A8-BE02-ACE2CCEA9748}.Release|x86.Deploy.0 = Release|x86
		{803F10EB-7402-4010-8CCA-1653D46CD6DC}.Debug|Any CPU.ActiveCfg = Debug|Any CPU
		{803F10EB-7402-4010-8CCA-1653D46CD6DC}.Debug|Any CPU.Build.0 = Debug|Any CPU
		{803F10EB-7402-4010-8CCA-1653D46CD6DC}.Debug|Any CPU.Deploy.0 = Debug|Any CPU
		{803F10EB-7402-4010-8CCA-1653D46CD6DC}.Debug|ARM.ActiveCfg = Debug|Any CPU
		{803F10EB-7402-4010-8CCA-1653D46CD6DC}.Debug|ARM.Build.0 = Debug|Any CPU
		{803F10EB-7402-4010-8CCA-1653D46CD6DC}.Debug|ARM.Deploy.0 = Debug|Any CPU
		{803F10EB-7402-4010-8CCA-1653D46CD6DC}.Debug|iPhone.ActiveCfg = Debug|Any CPU
		{803F10EB-7402-4010-8CCA-1653D46CD6DC}.Debug|iPhone.Build.0 = Debug|Any CPU
		{803F10EB-7402-4010-8CCA-1653D46CD6DC}.Debug|iPhone.Deploy.0 = Debug|Any CPU
		{803F10EB-7402-4010-8CCA-1653D46CD6DC}.Debug|iPhoneSimulator.ActiveCfg = Debug|Any CPU
		{803F10EB-7402-4010-8CCA-1653D46CD6DC}.Debug|iPhoneSimulator.Build.0 = Debug|Any CPU
		{803F10EB-7402-4010-8CCA-1653D46CD6DC}.Debug|iPhoneSimulator.Deploy.0 = Debug|Any CPU
		{803F10EB-7402-4010-8CCA-1653D46CD6DC}.Debug|x64.ActiveCfg = Debug|Any CPU
		{803F10EB-7402-4010-8CCA-1653D46CD6DC}.Debug|x64.Build.0 = Debug|Any CPU
		{803F10EB-7402-4010-8CCA-1653D46CD6DC}.Debug|x64.Deploy.0 = Debug|Any CPU
		{803F10EB-7402-4010-8CCA-1653D46CD6DC}.Debug|x86.ActiveCfg = Debug|Any CPU
		{803F10EB-7402-4010-8CCA-1653D46CD6DC}.Debug|x86.Build.0 = Debug|Any CPU
		{803F10EB-7402-4010-8CCA-1653D46CD6DC}.Debug|x86.Deploy.0 = Debug|Any CPU
		{803F10EB-7402-4010-8CCA-1653D46CD6DC}.Release|Any CPU.ActiveCfg = Release|Any CPU
		{803F10EB-7402-4010-8CCA-1653D46CD6DC}.Release|Any CPU.Build.0 = Release|Any CPU
		{803F10EB-7402-4010-8CCA-1653D46CD6DC}.Release|Any CPU.Deploy.0 = Release|Any CPU
		{803F10EB-7402-4010-8CCA-1653D46CD6DC}.Release|ARM.ActiveCfg = Release|Any CPU
		{803F10EB-7402-4010-8CCA-1653D46CD6DC}.Release|ARM.Build.0 = Release|Any CPU
		{803F10EB-7402-4010-8CCA-1653D46CD6DC}.Release|ARM.Deploy.0 = Release|Any CPU
		{803F10EB-7402-4010-8CCA-1653D46CD6DC}.Release|iPhone.ActiveCfg = Release|Any CPU
		{803F10EB-7402-4010-8CCA-1653D46CD6DC}.Release|iPhone.Build.0 = Release|Any CPU
		{803F10EB-7402-4010-8CCA-1653D46CD6DC}.Release|iPhone.Deploy.0 = Release|Any CPU
		{803F10EB-7402-4010-8CCA-1653D46CD6DC}.Release|iPhoneSimulator.ActiveCfg = Release|Any CPU
		{803F10EB-7402-4010-8CCA-1653D46CD6DC}.Release|iPhoneSimulator.Build.0 = Release|Any CPU
		{803F10EB-7402-4010-8CCA-1653D46CD6DC}.Release|iPhoneSimulator.Deploy.0 = Release|Any CPU
		{803F10EB-7402-4010-8CCA-1653D46CD6DC}.Release|x64.ActiveCfg = Release|Any CPU
		{803F10EB-7402-4010-8CCA-1653D46CD6DC}.Release|x64.Build.0 = Release|Any CPU
		{803F10EB-7402-4010-8CCA-1653D46CD6DC}.Release|x64.Deploy.0 = Release|Any CPU
		{803F10EB-7402-4010-8CCA-1653D46CD6DC}.Release|x86.ActiveCfg = Release|Any CPU
		{803F10EB-7402-4010-8CCA-1653D46CD6DC}.Release|x86.Build.0 = Release|Any CPU
		{803F10EB-7402-4010-8CCA-1653D46CD6DC}.Release|x86.Deploy.0 = Release|Any CPU
		{B18ADE68-42A8-4C53-AEBB-4A4F2F8573F5}.Debug|Any CPU.ActiveCfg = Debug|iPhoneSimulator
		{B18ADE68-42A8-4C53-AEBB-4A4F2F8573F5}.Debug|Any CPU.Build.0 = Debug|iPhoneSimulator
		{B18ADE68-42A8-4C53-AEBB-4A4F2F8573F5}.Debug|Any CPU.Deploy.0 = Debug|iPhoneSimulator
		{B18ADE68-42A8-4C53-AEBB-4A4F2F8573F5}.Debug|ARM.ActiveCfg = Debug|iPhone
		{B18ADE68-42A8-4C53-AEBB-4A4F2F8573F5}.Debug|ARM.Build.0 = Debug|iPhone
		{B18ADE68-42A8-4C53-AEBB-4A4F2F8573F5}.Debug|ARM.Deploy.0 = Debug|iPhone
		{B18ADE68-42A8-4C53-AEBB-4A4F2F8573F5}.Debug|iPhone.ActiveCfg = Debug|iPhone
		{B18ADE68-42A8-4C53-AEBB-4A4F2F8573F5}.Debug|iPhone.Build.0 = Debug|iPhone
		{B18ADE68-42A8-4C53-AEBB-4A4F2F8573F5}.Debug|iPhone.Deploy.0 = Debug|iPhone
		{B18ADE68-42A8-4C53-AEBB-4A4F2F8573F5}.Debug|iPhoneSimulator.ActiveCfg = Debug|iPhoneSimulator
		{B18ADE68-42A8-4C53-AEBB-4A4F2F8573F5}.Debug|iPhoneSimulator.Build.0 = Debug|iPhoneSimulator
		{B18ADE68-42A8-4C53-AEBB-4A4F2F8573F5}.Debug|iPhoneSimulator.Deploy.0 = Debug|iPhoneSimulator
		{B18ADE68-42A8-4C53-AEBB-4A4F2F8573F5}.Debug|x64.ActiveCfg = Debug|iPhoneSimulator
		{B18ADE68-42A8-4C53-AEBB-4A4F2F8573F5}.Debug|x64.Build.0 = Debug|iPhoneSimulator
		{B18ADE68-42A8-4C53-AEBB-4A4F2F8573F5}.Debug|x64.Deploy.0 = Debug|iPhoneSimulator
		{B18ADE68-42A8-4C53-AEBB-4A4F2F8573F5}.Debug|x86.ActiveCfg = Debug|iPhoneSimulator
		{B18ADE68-42A8-4C53-AEBB-4A4F2F8573F5}.Debug|x86.Build.0 = Debug|iPhoneSimulator
		{B18ADE68-42A8-4C53-AEBB-4A4F2F8573F5}.Debug|x86.Deploy.0 = Debug|iPhoneSimulator
		{B18ADE68-42A8-4C53-AEBB-4A4F2F8573F5}.Release|Any CPU.ActiveCfg = Release|iPhoneSimulator
		{B18ADE68-42A8-4C53-AEBB-4A4F2F8573F5}.Release|Any CPU.Build.0 = Release|iPhoneSimulator
		{B18ADE68-42A8-4C53-AEBB-4A4F2F8573F5}.Release|Any CPU.Deploy.0 = Release|iPhoneSimulator
		{B18ADE68-42A8-4C53-AEBB-4A4F2F8573F5}.Release|ARM.ActiveCfg = Release|iPhoneSimulator
		{B18ADE68-42A8-4C53-AEBB-4A4F2F8573F5}.Release|ARM.Build.0 = Release|iPhoneSimulator
		{B18ADE68-42A8-4C53-AEBB-4A4F2F8573F5}.Release|ARM.Deploy.0 = Release|iPhoneSimulator
		{B18ADE68-42A8-4C53-AEBB-4A4F2F8573F5}.Release|iPhone.ActiveCfg = Release|iPhone
		{B18ADE68-42A8-4C53-AEBB-4A4F2F8573F5}.Release|iPhone.Build.0 = Release|iPhone
		{B18ADE68-42A8-4C53-AEBB-4A4F2F8573F5}.Release|iPhone.Deploy.0 = Release|iPhone
		{B18ADE68-42A8-4C53-AEBB-4A4F2F8573F5}.Release|iPhoneSimulator.ActiveCfg = Release|iPhoneSimulator
		{B18ADE68-42A8-4C53-AEBB-4A4F2F8573F5}.Release|iPhoneSimulator.Build.0 = Release|iPhoneSimulator
		{B18ADE68-42A8-4C53-AEBB-4A4F2F8573F5}.Release|iPhoneSimulator.Deploy.0 = Release|iPhoneSimulator
		{B18ADE68-42A8-4C53-AEBB-4A4F2F8573F5}.Release|x64.ActiveCfg = Release|iPhoneSimulator
		{B18ADE68-42A8-4C53-AEBB-4A4F2F8573F5}.Release|x64.Build.0 = Release|iPhoneSimulator
		{B18ADE68-42A8-4C53-AEBB-4A4F2F8573F5}.Release|x64.Deploy.0 = Release|iPhoneSimulator
		{B18ADE68-42A8-4C53-AEBB-4A4F2F8573F5}.Release|x86.ActiveCfg = Release|iPhoneSimulator
		{B18ADE68-42A8-4C53-AEBB-4A4F2F8573F5}.Release|x86.Build.0 = Release|iPhoneSimulator
		{B18ADE68-42A8-4C53-AEBB-4A4F2F8573F5}.Release|x86.Deploy.0 = Release|iPhoneSimulator
		{67CA0410-5198-4BAE-8A3B-B5C5C096B7A9}.Debug|Any CPU.ActiveCfg = Debug|Any CPU
		{67CA0410-5198-4BAE-8A3B-B5C5C096B7A9}.Debug|Any CPU.Build.0 = Debug|Any CPU
		{67CA0410-5198-4BAE-8A3B-B5C5C096B7A9}.Debug|Any CPU.Deploy.0 = Debug|Any CPU
		{67CA0410-5198-4BAE-8A3B-B5C5C096B7A9}.Debug|ARM.ActiveCfg = Debug|Any CPU
		{67CA0410-5198-4BAE-8A3B-B5C5C096B7A9}.Debug|ARM.Build.0 = Debug|Any CPU
		{67CA0410-5198-4BAE-8A3B-B5C5C096B7A9}.Debug|ARM.Deploy.0 = Debug|Any CPU
		{67CA0410-5198-4BAE-8A3B-B5C5C096B7A9}.Debug|iPhone.ActiveCfg = Debug|Any CPU
		{67CA0410-5198-4BAE-8A3B-B5C5C096B7A9}.Debug|iPhone.Build.0 = Debug|Any CPU
		{67CA0410-5198-4BAE-8A3B-B5C5C096B7A9}.Debug|iPhone.Deploy.0 = Debug|Any CPU
		{67CA0410-5198-4BAE-8A3B-B5C5C096B7A9}.Debug|iPhoneSimulator.ActiveCfg = Debug|Any CPU
		{67CA0410-5198-4BAE-8A3B-B5C5C096B7A9}.Debug|iPhoneSimulator.Build.0 = Debug|Any CPU
		{67CA0410-5198-4BAE-8A3B-B5C5C096B7A9}.Debug|iPhoneSimulator.Deploy.0 = Debug|Any CPU
		{67CA0410-5198-4BAE-8A3B-B5C5C096B7A9}.Debug|x64.ActiveCfg = Debug|Any CPU
		{67CA0410-5198-4BAE-8A3B-B5C5C096B7A9}.Debug|x64.Build.0 = Debug|Any CPU
		{67CA0410-5198-4BAE-8A3B-B5C5C096B7A9}.Debug|x64.Deploy.0 = Debug|Any CPU
		{67CA0410-5198-4BAE-8A3B-B5C5C096B7A9}.Debug|x86.ActiveCfg = Debug|Any CPU
		{67CA0410-5198-4BAE-8A3B-B5C5C096B7A9}.Debug|x86.Build.0 = Debug|Any CPU
		{67CA0410-5198-4BAE-8A3B-B5C5C096B7A9}.Debug|x86.Deploy.0 = Debug|Any CPU
		{67CA0410-5198-4BAE-8A3B-B5C5C096B7A9}.Release|Any CPU.ActiveCfg = Release|Any CPU
		{67CA0410-5198-4BAE-8A3B-B5C5C096B7A9}.Release|Any CPU.Build.0 = Release|Any CPU
		{67CA0410-5198-4BAE-8A3B-B5C5C096B7A9}.Release|Any CPU.Deploy.0 = Release|Any CPU
		{67CA0410-5198-4BAE-8A3B-B5C5C096B7A9}.Release|ARM.ActiveCfg = Release|Any CPU
		{67CA0410-5198-4BAE-8A3B-B5C5C096B7A9}.Release|ARM.Build.0 = Release|Any CPU
		{67CA0410-5198-4BAE-8A3B-B5C5C096B7A9}.Release|ARM.Deploy.0 = Release|Any CPU
		{67CA0410-5198-4BAE-8A3B-B5C5C096B7A9}.Release|iPhone.ActiveCfg = Release|Any CPU
		{67CA0410-5198-4BAE-8A3B-B5C5C096B7A9}.Release|iPhone.Build.0 = Release|Any CPU
		{67CA0410-5198-4BAE-8A3B-B5C5C096B7A9}.Release|iPhone.Deploy.0 = Release|Any CPU
		{67CA0410-5198-4BAE-8A3B-B5C5C096B7A9}.Release|iPhoneSimulator.ActiveCfg = Release|Any CPU
		{67CA0410-5198-4BAE-8A3B-B5C5C096B7A9}.Release|iPhoneSimulator.Build.0 = Release|Any CPU
		{67CA0410-5198-4BAE-8A3B-B5C5C096B7A9}.Release|iPhoneSimulator.Deploy.0 = Release|Any CPU
		{67CA0410-5198-4BAE-8A3B-B5C5C096B7A9}.Release|x64.ActiveCfg = Release|Any CPU
		{67CA0410-5198-4BAE-8A3B-B5C5C096B7A9}.Release|x64.Build.0 = Release|Any CPU
		{67CA0410-5198-4BAE-8A3B-B5C5C096B7A9}.Release|x64.Deploy.0 = Release|Any CPU
		{67CA0410-5198-4BAE-8A3B-B5C5C096B7A9}.Release|x86.ActiveCfg = Release|Any CPU
		{67CA0410-5198-4BAE-8A3B-B5C5C096B7A9}.Release|x86.Build.0 = Release|Any CPU
		{67CA0410-5198-4BAE-8A3B-B5C5C096B7A9}.Release|x86.Deploy.0 = Release|Any CPU
		{DA2DCE63-756C-4779-A0EC-BBC886DDD3B2}.Debug|Any CPU.ActiveCfg = Debug|Any CPU
		{DA2DCE63-756C-4779-A0EC-BBC886DDD3B2}.Debug|Any CPU.Build.0 = Debug|Any CPU
		{DA2DCE63-756C-4779-A0EC-BBC886DDD3B2}.Debug|ARM.ActiveCfg = Debug|Any CPU
		{DA2DCE63-756C-4779-A0EC-BBC886DDD3B2}.Debug|ARM.Build.0 = Debug|Any CPU
		{DA2DCE63-756C-4779-A0EC-BBC886DDD3B2}.Debug|iPhone.ActiveCfg = Debug|Any CPU
		{DA2DCE63-756C-4779-A0EC-BBC886DDD3B2}.Debug|iPhone.Build.0 = Debug|Any CPU
		{DA2DCE63-756C-4779-A0EC-BBC886DDD3B2}.Debug|iPhoneSimulator.ActiveCfg = Debug|Any CPU
		{DA2DCE63-756C-4779-A0EC-BBC886DDD3B2}.Debug|iPhoneSimulator.Build.0 = Debug|Any CPU
		{DA2DCE63-756C-4779-A0EC-BBC886DDD3B2}.Debug|x64.ActiveCfg = Debug|Any CPU
		{DA2DCE63-756C-4779-A0EC-BBC886DDD3B2}.Debug|x64.Build.0 = Debug|Any CPU
		{DA2DCE63-756C-4779-A0EC-BBC886DDD3B2}.Debug|x86.ActiveCfg = Debug|Any CPU
		{DA2DCE63-756C-4779-A0EC-BBC886DDD3B2}.Debug|x86.Build.0 = Debug|Any CPU
		{DA2DCE63-756C-4779-A0EC-BBC886DDD3B2}.Release|Any CPU.ActiveCfg = Release|Any CPU
		{DA2DCE63-756C-4779-A0EC-BBC886DDD3B2}.Release|Any CPU.Build.0 = Release|Any CPU
		{DA2DCE63-756C-4779-A0EC-BBC886DDD3B2}.Release|ARM.ActiveCfg = Release|Any CPU
		{DA2DCE63-756C-4779-A0EC-BBC886DDD3B2}.Release|ARM.Build.0 = Release|Any CPU
		{DA2DCE63-756C-4779-A0EC-BBC886DDD3B2}.Release|iPhone.ActiveCfg = Release|Any CPU
		{DA2DCE63-756C-4779-A0EC-BBC886DDD3B2}.Release|iPhone.Build.0 = Release|Any CPU
		{DA2DCE63-756C-4779-A0EC-BBC886DDD3B2}.Release|iPhoneSimulator.ActiveCfg = Release|Any CPU
		{DA2DCE63-756C-4779-A0EC-BBC886DDD3B2}.Release|iPhoneSimulator.Build.0 = Release|Any CPU
		{DA2DCE63-756C-4779-A0EC-BBC886DDD3B2}.Release|x64.ActiveCfg = Release|Any CPU
		{DA2DCE63-756C-4779-A0EC-BBC886DDD3B2}.Release|x64.Build.0 = Release|Any CPU
		{DA2DCE63-756C-4779-A0EC-BBC886DDD3B2}.Release|x86.ActiveCfg = Release|Any CPU
		{DA2DCE63-756C-4779-A0EC-BBC886DDD3B2}.Release|x86.Build.0 = Release|Any CPU
		{E5396837-4F44-45F4-B2E3-1C0BB4727559}.Debug|Any CPU.ActiveCfg = Debug|Any CPU
		{E5396837-4F44-45F4-B2E3-1C0BB4727559}.Debug|Any CPU.Build.0 = Debug|Any CPU
		{E5396837-4F44-45F4-B2E3-1C0BB4727559}.Debug|ARM.ActiveCfg = Debug|Any CPU
		{E5396837-4F44-45F4-B2E3-1C0BB4727559}.Debug|ARM.Build.0 = Debug|Any CPU
		{E5396837-4F44-45F4-B2E3-1C0BB4727559}.Debug|iPhone.ActiveCfg = Debug|Any CPU
		{E5396837-4F44-45F4-B2E3-1C0BB4727559}.Debug|iPhone.Build.0 = Debug|Any CPU
		{E5396837-4F44-45F4-B2E3-1C0BB4727559}.Debug|iPhoneSimulator.ActiveCfg = Debug|Any CPU
		{E5396837-4F44-45F4-B2E3-1C0BB4727559}.Debug|iPhoneSimulator.Build.0 = Debug|Any CPU
		{E5396837-4F44-45F4-B2E3-1C0BB4727559}.Debug|x64.ActiveCfg = Debug|Any CPU
		{E5396837-4F44-45F4-B2E3-1C0BB4727559}.Debug|x64.Build.0 = Debug|Any CPU
		{E5396837-4F44-45F4-B2E3-1C0BB4727559}.Debug|x86.ActiveCfg = Debug|Any CPU
		{E5396837-4F44-45F4-B2E3-1C0BB4727559}.Debug|x86.Build.0 = Debug|Any CPU
		{E5396837-4F44-45F4-B2E3-1C0BB4727559}.Release|Any CPU.ActiveCfg = Release|Any CPU
		{E5396837-4F44-45F4-B2E3-1C0BB4727559}.Release|Any CPU.Build.0 = Release|Any CPU
		{E5396837-4F44-45F4-B2E3-1C0BB4727559}.Release|ARM.ActiveCfg = Release|Any CPU
		{E5396837-4F44-45F4-B2E3-1C0BB4727559}.Release|ARM.Build.0 = Release|Any CPU
		{E5396837-4F44-45F4-B2E3-1C0BB4727559}.Release|iPhone.ActiveCfg = Release|Any CPU
		{E5396837-4F44-45F4-B2E3-1C0BB4727559}.Release|iPhone.Build.0 = Release|Any CPU
		{E5396837-4F44-45F4-B2E3-1C0BB4727559}.Release|iPhoneSimulator.ActiveCfg = Release|Any CPU
		{E5396837-4F44-45F4-B2E3-1C0BB4727559}.Release|iPhoneSimulator.Build.0 = Release|Any CPU
		{E5396837-4F44-45F4-B2E3-1C0BB4727559}.Release|x64.ActiveCfg = Release|Any CPU
		{E5396837-4F44-45F4-B2E3-1C0BB4727559}.Release|x64.Build.0 = Release|Any CPU
		{E5396837-4F44-45F4-B2E3-1C0BB4727559}.Release|x86.ActiveCfg = Release|Any CPU
		{E5396837-4F44-45F4-B2E3-1C0BB4727559}.Release|x86.Build.0 = Release|Any CPU
	EndGlobalSection
	GlobalSection(SolutionProperties) = preSolution
		HideSolutionNode = FALSE
	EndGlobalSection
	GlobalSection(ExtensibilityGlobals) = postSolution
		SolutionGuid = {E3864871-EEB1-400B-BCE5-3C8E002E31D6}
	EndGlobalSection
EndGlobal
